
Microsoft Visual Studio Solution File, Format Version 12.00
# Visual Studio Version 16
VisualStudioVersion = 16.0.30803.129
MinimumVisualStudioVersion = 10.0.40219.1
Project("{9A19103F-16F7-4668-BE54-9A1E7A4F7556}") = "Tmp102", "Tmp102.csproj", "{64C1DE7B-7497-4C28-AB54-72618E13960C}"
EndProject
Global
	GlobalSection(SolutionConfigurationPlatforms) = preSolution
		Debug|Any CPU = Debug|Any CPU
		Release|Any CPU = Release|Any CPU
	EndGlobalSection
	GlobalSection(ProjectConfigurationPlatforms) = postSolution
		{64C1DE7B-7497-4C28-AB54-72618E13960C}.Debug|Any CPU.ActiveCfg = Debug|Any CPU
		{64C1DE7B-7497-4C28-AB54-72618E13960C}.Debug|Any CPU.Build.0 = Debug|Any CPU
		{64C1DE7B-7497-4C28-AB54-72618E13960C}.Release|Any CPU.ActiveCfg = Release|Any CPU
		{64C1DE7B-7497-4C28-AB54-72618E13960C}.Release|Any CPU.Build.0 = Release|Any CPU
	EndGlobalSection
	GlobalSection(SolutionProperties) = preSolution
		HideSolutionNode = FALSE
	EndGlobalSection
	GlobalSection(ExtensibilityGlobals) = postSolution
		SolutionGuid = {A9781919-9E08-497D-98EA-1ADD5037007D}
	EndGlobalSection
EndGlobal
